
Microsoft Visual Studio Solution File, Format Version 12.00
# Visual Studio Version 16
VisualStudioVersion = 16.0.28922.388
MinimumVisualStudioVersion = 10.0.40219.1
Project("{FAE04EC0-301F-11D3-BF4B-00C04F79EFBC}") = "Dekorator", "Dekorator\Dekorator.csproj", "{AFE39E5C-AA35-483F-A4E3-DFACDC5F2DB0}"
EndProject
Global
	GlobalSection(SolutionConfigurationPlatforms) = preSolution
		Debug|Any CPU = Debug|Any CPU
		Release|Any CPU = Release|Any CPU
	EndGlobalSection
	GlobalSection(ProjectConfigurationPlatforms) = postSolution
		{AFE39E5C-AA35-483F-A4E3-DFACDC5F2DB0}.Debug|Any CPU.ActiveCfg = Debug|Any CPU
		{AFE39E5C-AA35-483F-A4E3-DFACDC5F2DB0}.Debug|Any CPU.Build.0 = Debug|Any CPU
		{AFE39E5C-AA35-483F-A4E3-DFACDC5F2DB0}.Release|Any CPU.ActiveCfg = Release|Any CPU
		{AFE39E5C-AA35-483F-A4E3-DFACDC5F2DB0}.Release|Any CPU.Build.0 = Release|Any CPU
	EndGlobalSection
	GlobalSection(SolutionProperties) = preSolution
		HideSolutionNode = FALSE
	EndGlobalSection
	GlobalSection(ExtensibilityGlobals) = postSolution
		SolutionGuid = {CB764910-DBBD-4C66-80E9-9E18D988E6D6}
	EndGlobalSection
EndGlobal
